{
  "name": "akillifon-react",
  "version": "0.1.0",
  "lockfileVersion": 1,
  "requires": true,
  "dependencies": {
    "highcharts": {
      "version": "7.0.2",
      "resolved": "https://registry.npmjs.org/highcharts/-/highcharts-7.0.2.tgz",
      "integrity": "sha512-0PnX/pzhpoZiLkQ3uN1FgXFM4Y5DFfN58mtTxh1me6sJ3eX+b0/asDgF17yOe4BfQat4xnE9TvgsJwYESTB3XA=="
    },
    "highcharts-react-official": {
      "version": "2.0.0",
      "resolved": "https://registry.npmjs.org/highcharts-react-official/-/highcharts-react-official-2.0.0.tgz",
      "integrity": "sha512-pEf1HBCmkJlIY6lAkjKXjjxaqZWUwcNcKrEIM2CFhXtLcl5VntiSgiVXe/pkDXyZG94mM90c72Z+8rnJ8ua6Dw=="
    }
  }
}
